// !$*UTF8*$!
{
	archiveVersion = 1;
	classes = {
	};
	objectVersion = 50;
	objects = {

/* Begin PBXBuildFile section */
		8C75537124B9090E00EAF725 /* MainTableViewController.swift in Sources */ = {isa = PBXBuildFile; fileRef = 8C75537024B9090E00EAF725 /* MainTableViewController.swift */; };
		8C75537324B93DCC00EAF725 /* ProfileDataStore.swift in Sources */ = {isa = PBXBuildFile; fileRef = 8C75537224B93DCC00EAF725 /* ProfileDataStore.swift */; };
		8C75537524B94CF200EAF725 /* ProfileTableViewController.swift in Sources */ = {isa = PBXBuildFile; fileRef = 8C75537424B94CF200EAF725 /* ProfileTableViewController.swift */; };
		8C75537724B96E3F00EAF725 /* UserHealthProfile.swift in Sources */ = {isa = PBXBuildFile; fileRef = 8C75537624B96E3F00EAF725 /* UserHealthProfile.swift */; };
		8C75537924B9B2AB00EAF725 /* HKBiologicalSex+StringRepresentation.swift in Sources */ = {isa = PBXBuildFile; fileRef = 8C75537824B9B2AB00EAF725 /* HKBiologicalSex+StringRepresentation.swift */; };
		8C75537B24B9B30F00EAF725 /* HKBloodType+StringRepresentation.swift in Sources */ = {isa = PBXBuildFile; fileRef = 8C75537A24B9B30F00EAF725 /* HKBloodType+StringRepresentation.swift */; };
		8CBF62EC24AB01B2004048C3 /* HealthKitSetupAssistant.swift in Sources */ = {isa = PBXBuildFile; fileRef = 8CBF62EB24AB01B2004048C3 /* HealthKitSetupAssistant.swift */; };
		8CE2096E24A9581800F3BE06 /* AppDelegate.swift in Sources */ = {isa = PBXBuildFile; fileRef = 8CE2096D24A9581800F3BE06 /* AppDelegate.swift */; };
		8CE2097024A9581800F3BE06 /* SceneDelegate.swift in Sources */ = {isa = PBXBuildFile; fileRef = 8CE2096F24A9581800F3BE06 /* SceneDelegate.swift */; };
		8CE2097524A9581800F3BE06 /* Main.storyboard in Resources */ = {isa = PBXBuildFile; fileRef = 8CE2097324A9581800F3BE06 /* Main.storyboard */; };
		8CE2097824A9581800F3BE06 /* HealthKitSample01.xcdatamodeld in Sources */ = {isa = PBXBuildFile; fileRef = 8CE2097624A9581800F3BE06 /* HealthKitSample01.xcdatamodeld */; };
		8CE2097A24A9581A00F3BE06 /* Assets.xcassets in Resources */ = {isa = PBXBuildFile; fileRef = 8CE2097924A9581A00F3BE06 /* Assets.xcassets */; };
		8CE2097D24A9581A00F3BE06 /* LaunchScreen.storyboard in Resources */ = {isa = PBXBuildFile; fileRef = 8CE2097B24A9581A00F3BE06 /* LaunchScreen.storyboard */; };
		8CE2098724A9586F00F3BE06 /* HealthKit.framework in Frameworks */ = {isa = PBXBuildFile; fileRef = 8CE2098624A9586F00F3BE06 /* HealthKit.framework */; };
/* End PBXBuildFile section */

/* Begin PBXFileReference section */
		8C75537024B9090E00EAF725 /* MainTableViewController.swift */ = {isa = PBXFileReference; lastKnownFileType = sourcecode.swift; path = MainTableViewController.swift; sourceTree = "<group>"; };
		8C75537224B93DCC00EAF725 /* ProfileDataStore.swift */ = {isa = PBXFileReference; lastKnownFileType = sourcecode.swift; path = ProfileDataStore.swift; sourceTree = "<group>"; };
		8C75537424B94CF200EAF725 /* ProfileTableViewController.swift */ = {isa = PBXFileReference; lastKnownFileType = sourcecode.swift; path = ProfileTableViewController.swift; sourceTree = "<group>"; };
		8C75537624B96E3F00EAF725 /* UserHealthProfile.swift */ = {isa = PBXFileReference; lastKnownFileType = sourcecode.swift; path = UserHealthProfile.swift; sourceTree = "<group>"; };
		8C75537824B9B2AB00EAF725 /* HKBiologicalSex+StringRepresentation.swift */ = {isa = PBXFileReference; lastKnownFileType = sourcecode.swift; path = "HKBiologicalSex+StringRepresentation.swift"; sourceTree = "<group>"; };
		8C75537A24B9B30F00EAF725 /* HKBloodType+StringRepresentation.swift */ = {isa = PBXFileReference; lastKnownFileType = sourcecode.swift; path = "HKBloodType+StringRepresentation.swift"; sourceTree = "<group>"; };
		8CBF62EB24AB01B2004048C3 /* HealthKitSetupAssistant.swift */ = {isa = PBXFileReference; lastKnownFileType = sourcecode.swift; path = HealthKitSetupAssistant.swift; sourceTree = "<group>"; };
		8CE2096A24A9581800F3BE06 /* HealthKitSample01.app */ = {isa = PBXFileReference; explicitFileType = wrapper.application; includeInIndex = 0; path = HealthKitSample01.app; sourceTree = BUILT_PRODUCTS_DIR; };
		8CE2096D24A9581800F3BE06 /* AppDelegate.swift */ = {isa = PBXFileReference; lastKnownFileType = sourcecode.swift; path = AppDelegate.swift; sourceTree = "<group>"; };
		8CE2096F24A9581800F3BE06 /* SceneDelegate.swift */ = {isa = PBXFileReference; lastKnownFileType = sourcecode.swift; path = SceneDelegate.swift; sourceTree = "<group>"; };
		8CE2097424A9581800F3BE06 /* Base */ = {isa = PBXFileReference; lastKnownFileType = file.storyboard; name = Base; path = Base.lproj/Main.storyboard; sourceTree = "<group>"; };
		8CE2097724A9581800F3BE06 /* HealthKitSample01.xcdatamodel */ = {isa = PBXFileReference; lastKnownFileType = wrapper.xcdatamodel; path = HealthKitSample01.xcdatamodel; sourceTree = "<group>"; };
		8CE2097924A9581A00F3BE06 /* Assets.xcassets */ = {isa = PBXFileReference; lastKnownFileType = folder.assetcatalog; path = Assets.xcassets; sourceTree = "<group>"; };
		8CE2097C24A9581A00F3BE06 /* Base */ = {isa = PBXFileReference; lastKnownFileType = file.storyboard; name = Base; path = Base.lproj/LaunchScreen.storyboard; sourceTree = "<group>"; };
		8CE2097E24A9581A00F3BE06 /* Info.plist */ = {isa = PBXFileReference; lastKnownFileType = text.plist.xml; path = Info.plist; sourceTree = "<group>"; };
		8CE2098424A9586F00F3BE06 /* HealthKitSample01.entitlements */ = {isa = PBXFileReference; lastKnownFileType = text.plist.entitlements; path = HealthKitSample01.entitlements; sourceTree = "<group>"; };
		8CE2098624A9586F00F3BE06 /* HealthKit.framework */ = {isa = PBXFileReference; lastKnownFileType = wrapper.framework; name = HealthKit.framework; path = System/Library/Frameworks/HealthKit.framework; sourceTree = SDKROOT; };
/* End PBXFileReference section */

/* Begin PBXFrameworksBuildPhase section */
		8CE2096724A9581800F3BE06 /* Frameworks */ = {
			isa = PBXFrameworksBuildPhase;
			buildActionMask = 2147483647;
			files = (
				8CE2098724A9586F00F3BE06 /* HealthKit.framework in Frameworks */,
			);
			runOnlyForDeploymentPostprocessing = 0;
		};
/* End PBXFrameworksBuildPhase section */

/* Begin PBXGroup section */
		8C75537C24B9B37600EAF725 /* View Controllers */ = {
			isa = PBXGroup;
			children = (
				8C75537024B9090E00EAF725 /* MainTableViewController.swift */,
				8C75537424B94CF200EAF725 /* ProfileTableViewController.swift */,
			);
			path = "View Controllers";
			sourceTree = "<group>";
		};
		8C75537D24B9B39200EAF725 /* Models */ = {
			isa = PBXGroup;
			children = (
				8C75537624B96E3F00EAF725 /* UserHealthProfile.swift */,
			);
			path = Models;
			sourceTree = "<group>";
		};
		8C75537E24B9B3AE00EAF725 /* HealthKit Extensions */ = {
			isa = PBXGroup;
			children = (
				8C75537824B9B2AB00EAF725 /* HKBiologicalSex+StringRepresentation.swift */,
				8C75537A24B9B30F00EAF725 /* HKBloodType+StringRepresentation.swift */,
			);
			path = "HealthKit Extensions";
			sourceTree = "<group>";
		};
		8CE2096124A9581800F3BE06 = {
			isa = PBXGroup;
			children = (
				8CE2096C24A9581800F3BE06 /* HealthKitSample01 */,
				8CE2096B24A9581800F3BE06 /* Products */,
				8CE2098524A9586F00F3BE06 /* Frameworks */,
			);
			sourceTree = "<group>";
		};
		8CE2096B24A9581800F3BE06 /* Products */ = {
			isa = PBXGroup;
			children = (
				8CE2096A24A9581800F3BE06 /* HealthKitSample01.app */,
			);
			name = Products;
			sourceTree = "<group>";
		};
		8CE2096C24A9581800F3BE06 /* HealthKitSample01 */ = {
			isa = PBXGroup;
			children = (
				8C75537E24B9B3AE00EAF725 /* HealthKit Extensions */,
				8C75537D24B9B39200EAF725 /* Models */,
				8C75537C24B9B37600EAF725 /* View Controllers */,
				8CE2098424A9586F00F3BE06 /* HealthKitSample01.entitlements */,
				8CE2096D24A9581800F3BE06 /* AppDelegate.swift */,
				8CBF62EB24AB01B2004048C3 /* HealthKitSetupAssistant.swift */,
				8C75537224B93DCC00EAF725 /* ProfileDataStore.swift */,
				8CE2096F24A9581800F3BE06 /* SceneDelegate.swift */,
				8CE2097324A9581800F3BE06 /* Main.storyboard */,
				8CE2097924A9581A00F3BE06 /* Assets.xcassets */,
				8CE2097B24A9581A00F3BE06 /* LaunchScreen.storyboard */,
				8CE2097E24A9581A00F3BE06 /* Info.plist */,
				8CE2097624A9581800F3BE06 /* HealthKitSample01.xcdatamodeld */,
			);
			path = HealthKitSample01;
			sourceTree = "<group>";
		};
		8CE2098524A9586F00F3BE06 /* Frameworks */ = {
			isa = PBXGroup;
			children = (
				8CE2098624A9586F00F3BE06 /* HealthKit.framework */,
			);
			name = Frameworks;
			sourceTree = "<group>";
		};
/* End PBXGroup section */

/* Begin PBXNativeTarget section */
		8CE2096924A9581800F3BE06 /* HealthKitSample01 */ = {
			isa = PBXNativeTarget;
			buildConfigurationList = 8CE2098124A9581A00F3BE06 /* Build configuration list for PBXNativeTarget "HealthKitSample01" */;
			buildPhases = (
				8CE2096624A9581800F3BE06 /* Sources */,
				8CE2096724A9581800F3BE06 /* Frameworks */,
				8CE2096824A9581800F3BE06 /* Resources */,
			);
			buildRules = (
			);
			dependencies = (
			);
			name = HealthKitSample01;
			productName = HealthKitSample01;
			productReference = 8CE2096A24A9581800F3BE06 /* HealthKitSample01.app */;
			productType = "com.apple.product-type.application";
		};
/* End PBXNativeTarget section */

/* Begin PBXProject section */
		8CE2096224A9581800F3BE06 /* Project object */ = {
			isa = PBXProject;
			attributes = {
				LastSwiftUpdateCheck = 1150;
				LastUpgradeCheck = 1150;
				ORGANIZATIONNAME = "Tatsuya Moriguchi";
				TargetAttributes = {
					8CE2096924A9581800F3BE06 = {
						CreatedOnToolsVersion = 11.5;
					};
				};
			};
			buildConfigurationList = 8CE2096524A9581800F3BE06 /* Build configuration list for PBXProject "HealthKitSample01" */;
			compatibilityVersion = "Xcode 9.3";
			developmentRegion = en;
			hasScannedForEncodings = 0;
			knownRegions = (
				en,
				Base,
			);
			mainGroup = 8CE2096124A9581800F3BE06;
			productRefGroup = 8CE2096B24A9581800F3BE06 /* Products */;
			projectDirPath = "";
			projectRoot = "";
			targets = (
				8CE2096924A9581800F3BE06 /* HealthKitSample01 */,
			);
		};
/* End PBXProject section */

/* Begin PBXResourcesBuildPhase section */
		8CE2096824A9581800F3BE06 /* Resources */ = {
			isa = PBXResourcesBuildPhase;
			buildActionMask = 2147483647;
			files = (
				8CE2097D24A9581A00F3BE06 /* LaunchScreen.storyboard in Resources */,
				8CE2097A24A9581A00F3BE06 /* Assets.xcassets in Resources */,
				8CE2097524A9581800F3BE06 /* Main.storyboard in Resources */,
			);
			runOnlyForDeploymentPostprocessing = 0;
		};
/* End PBXResourcesBuildPhase section */

/* Begin PBXSourcesBuildPhase section */
		8CE2096624A9581800F3BE06 /* Sources */ = {
			isa = PBXSourcesBuildPhase;
			buildActionMask = 2147483647;
			files = (
				8C75537924B9B2AB00EAF725 /* HKBiologicalSex+StringRepresentation.swift in Sources */,
				8CE2096E24A9581800F3BE06 /* AppDelegate.swift in Sources */,
				8C75537724B96E3F00EAF725 /* UserHealthProfile.swift in Sources */,
				8CE2097024A9581800F3BE06 /* SceneDelegate.swift in Sources */,
				8CE2097824A9581800F3BE06 /* HealthKitSample01.xcdatamodeld in Sources */,
				8C75537124B9090E00EAF725 /* MainTableViewController.swift in Sources */,
				8C75537B24B9B30F00EAF725 /* HKBloodType+StringRepresentation.swift in Sources */,
				8C75537324B93DCC00EAF725 /* ProfileDataStore.swift in Sources */,
				8C75537524B94CF200EAF725 /* ProfileTableViewController.swift in Sources */,
				8CBF62EC24AB01B2004048C3 /* HealthKitSetupAssistant.swift in Sources */,
			);
			runOnlyForDeploymentPostprocessing = 0;
		};
/* End PBXSourcesBuildPhase section */

/* Begin PBXVariantGroup section */
		8CE2097324A9581800F3BE06 /* Main.storyboard */ = {
			isa = PBXVariantGroup;
			children = (
				8CE2097424A9581800F3BE06 /* Base */,
			);
			name = Main.storyboard;
			sourceTree = "<group>";
		};
		8CE2097B24A9581A00F3BE06 /* LaunchScreen.storyboard */ = {
			isa = PBXVariantGroup;
			children = (
				8CE2097C24A9581A00F3BE06 /* Base */,
			);
			name = LaunchScreen.storyboard;
			sourceTree = "<group>";
		};
/* End PBXVariantGroup section */

/* Begin XCBuildConfiguration section */
		8CE2097F24A9581A00F3BE06 /* Debug */ = {
			isa = XCBuildConfiguration;
			buildSettings = {
				ALWAYS_SEARCH_USER_PATHS = NO;
				CLANG_ANALYZER_NONNULL = YES;
				CLANG_ANALYZER_NUMBER_OBJECT_CONVERSION = YES_AGGRESSIVE;
				CLANG_CXX_LANGUAGE_STANDARD = "gnu++14";
				CLANG_CXX_LIBRARY = "libc++";
				CLANG_ENABLE_MODULES = YES;
				CLANG_ENABLE_OBJC_ARC = YES;
				CLANG_ENABLE_OBJC_WEAK = YES;
				CLANG_WARN_BLOCK_CAPTURE_AUTORELEASING = YES;
				CLANG_WARN_BOOL_CONVERSION = YES;
				CLANG_WARN_COMMA = YES;
				CLANG_WARN_CONSTANT_CONVERSION = YES;
				CLANG_WARN_DEPRECATED_OBJC_IMPLEMENTATIONS = YES;
				CLANG_WARN_DIRECT_OBJC_ISA_USAGE = YES_ERROR;
				CLANG_WARN_DOCUMENTATION_COMMENTS = YES;
				CLANG_WARN_EMPTY_BODY = YES;
				CLANG_WARN_ENUM_CONVERSION = YES;
				CLANG_WARN_INFINITE_RECURSION = YES;
				CLANG_WARN_INT_CONVERSION = YES;
				CLANG_WARN_NON_LITERAL_NULL_CONVERSION = YES;
				CLANG_WARN_OBJC_IMPLICIT_RETAIN_SELF = YES;
				CLANG_WARN_OBJC_LITERAL_CONVERSION = YES;
				CLANG_WARN_OBJC_ROOT_CLASS = YES_ERROR;
				CLANG_WARN_RANGE_LOOP_ANALYSIS = YES;
				CLANG_WARN_STRICT_PROTOTYPES = YES;
				CLANG_WARN_SUSPICIOUS_MOVE = YES;
				CLANG_WARN_UNGUARDED_AVAILABILITY = YES_AGGRESSIVE;
				CLANG_WARN_UNREACHABLE_CODE = YES;
				CLANG_WARN__DUPLICATE_METHOD_MATCH = YES;
				COPY_PHASE_STRIP = NO;
				DEBUG_INFORMATION_FORMAT = dwarf;
				ENABLE_STRICT_OBJC_MSGSEND = YES;
				ENABLE_TESTABILITY = YES;
				GCC_C_LANGUAGE_STANDARD = gnu11;
				GCC_DYNAMIC_NO_PIC = NO;
				GCC_NO_COMMON_BLOCKS = YES;
				GCC_OPTIMIZATION_LEVEL = 0;
				GCC_PREPROCESSOR_DEFINITIONS = (
					"DEBUG=1",
					"$(inherited)",
				);
				GCC_WARN_64_TO_32_BIT_CONVERSION = YES;
				GCC_WARN_ABOUT_RETURN_TYPE = YES_ERROR;
				GCC_WARN_UNDECLARED_SELECTOR = YES;
				GCC_WARN_UNINITIALIZED_AUTOS = YES_AGGRESSIVE;
				GCC_WARN_UNUSED_FUNCTION = YES;
				GCC_WARN_UNUSED_VARIABLE = YES;
				IPHONEOS_DEPLOYMENT_TARGET = 13.4;
				MTL_ENABLE_DEBUG_INFO = INCLUDE_SOURCE;
				MTL_FAST_MATH = YES;
				ONLY_ACTIVE_ARCH = YES;
				SDKROOT = iphoneos;
				SWIFT_ACTIVE_COMPILATION_CONDITIONS = DEBUG;
				SWIFT_OPTIMIZATION_LEVEL = "-Onone";
			};
			name = Debug;
		};
		8CE2098024A9581A00F3BE06 /* Release */ = {
			isa = XCBuildConfiguration;
			buildSettings = {
				ALWAYS_SEARCH_USER_PATHS = NO;
				CLANG_ANALYZER_NONNULL = YES;
				CLANG_ANALYZER_NUMBER_OBJECT_CONVERSION = YES_AGGRESSIVE;
				CLANG_CXX_LANGUAGE_STANDARD = "gnu++14";
				CLANG_CXX_LIBRARY = "libc++";
				CLANG_ENABLE_MODULES = YES;
				CLANG_ENABLE_OBJC_ARC = YES;
				CLANG_ENABLE_OBJC_WEAK = YES;
				CLANG_WARN_BLOCK_CAPTURE_AUTORELEASING = YES;
				CLANG_WARN_BOOL_CONVERSION = YES;
				CLANG_WARN_COMMA = YES;
				CLANG_WARN_CONSTANT_CONVERSION = YES;
				CLANG_WARN_DEPRECATED_OBJC_IMPLEMENTATIONS = YES;
				CLANG_WARN_DIRECT_OBJC_ISA_USAGE = YES_ERROR;
				CLANG_WARN_DOCUMENTATION_COMMENTS = YES;
				CLANG_WARN_EMPTY_BODY = YES;
				CLANG_WARN_ENUM_CONVERSION = YES;
				CLANG_WARN_INFINITE_RECURSION = YES;
				CLANG_WARN_INT_CONVERSION = YES;
				CLANG_WARN_NON_LITERAL_NULL_CONVERSION = YES;
				CLANG_WARN_OBJC_IMPLICIT_RETAIN_SELF = YES;
				CLANG_WARN_OBJC_LITERAL_CONVERSION = YES;
				CLANG_WARN_OBJC_ROOT_CLASS = YES_ERROR;
				CLANG_WARN_RANGE_LOOP_ANALYSIS = YES;
				CLANG_WARN_STRICT_PROTOTYPES = YES;
				CLANG_WARN_SUSPICIOUS_MOVE = YES;
				CLANG_WARN_UNGUARDED_AVAILABILITY = YES_AGGRESSIVE;
				CLANG_WARN_UNREACHABLE_CODE = YES;
				CLANG_WARN__DUPLICATE_METHOD_MATCH = YES;
				COPY_PHASE_STRIP = NO;
				DEBUG_INFORMATION_FORMAT = "dwarf-with-dsym";
				ENABLE_NS_ASSERTIONS = NO;
				ENABLE_STRICT_OBJC_MSGSEND = YES;
				GCC_C_LANGUAGE_STANDARD = gnu11;
				GCC_NO_COMMON_BLOCKS = YES;
				GCC_WARN_64_TO_32_BIT_CONVERSION = YES;
				GCC_WARN_ABOUT_RETURN_TYPE = YES_ERROR;
				GCC_WARN_UNDECLARED_SELECTOR = YES;
				GCC_WARN_UNINITIALIZED_AUTOS = YES_AGGRESSIVE;
				GCC_WARN_UNUSED_FUNCTION = YES;
				GCC_WARN_UNUSED_VARIABLE = YES;
				IPHONEOS_DEPLOYMENT_TARGET = 13.4;
				MTL_ENABLE_DEBUG_INFO = NO;
				MTL_FAST_MATH = YES;
				SDKROOT = iphoneos;
				SWIFT_COMPILATION_MODE = wholemodule;
				SWIFT_OPTIMIZATION_LEVEL = "-O";
				VALIDATE_PRODUCT = YES;
			};
			name = Release;
		};
		8CE2098224A9581A00F3BE06 /* Debug */ = {
			isa = XCBuildConfiguration;
			buildSettings = {
				ASSETCATALOG_COMPILER_APPICON_NAME = AppIcon;
				CODE_SIGN_ENTITLEMENTS = HealthKitSample01/HealthKitSample01.entitlements;
				CODE_SIGN_STYLE = Automatic;
				DEVELOPMENT_TEAM = GY7BG2G9TC;
				INFOPLIST_FILE = HealthKitSample01/Info.plist;
				LD_RUNPATH_SEARCH_PATHS = (
					"$(inherited)",
					"@executable_path/Frameworks",
				);
				PRODUCT_BUNDLE_IDENTIFIER = com.beckos.HealthKitSample01;
				PRODUCT_NAME = "$(TARGET_NAME)";
				SWIFT_VERSION = 5.0;
				TARGETED_DEVICE_FAMILY = "1,2";
			};
			name = Debug;
		};
		8CE2098324A9581A00F3BE06 /* Release */ = {
			isa = XCBuildConfiguration;
			buildSettings = {
				ASSETCATALOG_COMPILER_APPICON_NAME = AppIcon;
				CODE_SIGN_ENTITLEMENTS = HealthKitSample01/HealthKitSample01.entitlements;
				CODE_SIGN_STYLE = Automatic;
				DEVELOPMENT_TEAM = GY7BG2G9TC;
				INFOPLIST_FILE = HealthKitSample01/Info.plist;
				LD_RUNPATH_SEARCH_PATHS = (
					"$(inherited)",
					"@executable_path/Frameworks",
				);
				PRODUCT_BUNDLE_IDENTIFIER = com.beckos.HealthKitSample01;
				PRODUCT_NAME = "$(TARGET_NAME)";
				SWIFT_VERSION = 5.0;
				TARGETED_DEVICE_FAMILY = "1,2";
			};
			name = Release;
		};
/* End XCBuildConfiguration section */

/* Begin XCConfigurationList section */
		8CE2096524A9581800F3BE06 /* Build configuration list for PBXProject "HealthKitSample01" */ = {
			isa = XCConfigurationList;
			buildConfigurations = (
				8CE2097F24A9581A00F3BE06 /* Debug */,
				8CE2098024A9581A00F3BE06 /* Release */,
			);
			defaultConfigurationIsVisible = 0;
			defaultConfigurationName = Release;
		};
		8CE2098124A9581A00F3BE06 /* Build configuration list for PBXNativeTarget "HealthKitSample01" */ = {
			isa = XCConfigurationList;
			buildConfigurations = (
				8CE2098224A9581A00F3BE06 /* Debug */,
				8CE2098324A9581A00F3BE06 /* Release */,
			);
			defaultConfigurationIsVisible = 0;
			defaultConfigurationName = Release;
		};
/* End XCConfigurationList section */

/* Begin XCVersionGroup section */
		8CE2097624A9581800F3BE06 /* HealthKitSample01.xcdatamodeld */ = {
			isa = XCVersionGroup;
			children = (
				8CE2097724A9581800F3BE06 /* HealthKitSample01.xcdatamodel */,
			);
			currentVersion = 8CE2097724A9581800F3BE06 /* HealthKitSample01.xcdatamodel */;
			path = HealthKitSample01.xcdatamodeld;
			sourceTree = "<group>";
			versionGroupType = wrapper.xcdatamodel;
		};
/* End XCVersionGroup section */
	};
	rootObject = 8CE2096224A9581800F3BE06 /* Project object */;
}
